
Microsoft Visual Studio Solution File, Format Version 12.00
# Visual Studio 15
VisualStudioVersion = 15.0.27428.2015
MinimumVisualStudioVersion = 10.0.40219.1
Project("{FAE04EC0-301F-11D3-BF4B-00C04F79EFBC}") = "TeamTest", "TeamTest\TeamTest.csproj", "{EFD5B66A-FFF2-4276-A022-471D44B5DA96}"
EndProject
Global
	GlobalSection(SolutionConfigurationPlatforms) = preSolution
		Debug|Any CPU = Debug|Any CPU
		Release|Any CPU = Release|Any CPU
	EndGlobalSection
	GlobalSection(ProjectConfigurationPlatforms) = postSolution
		{EFD5B66A-FFF2-4276-A022-471D44B5DA96}.Debug|Any CPU.ActiveCfg = Debug|Any CPU
		{EFD5B66A-FFF2-4276-A022-471D44B5DA96}.Debug|Any CPU.Build.0 = Debug|Any CPU
		{EFD5B66A-FFF2-4276-A022-471D44B5DA96}.Release|Any CPU.ActiveCfg = Release|Any CPU
		{EFD5B66A-FFF2-4276-A022-471D44B5DA96}.Release|Any CPU.Build.0 = Release|Any CPU
	EndGlobalSection
	GlobalSection(SolutionProperties) = preSolution
		HideSolutionNode = FALSE
	EndGlobalSection
	GlobalSection(ExtensibilityGlobals) = postSolution
		SolutionGuid = {8F83E14B-A8B3-4761-B865-AC242885FD89}
	EndGlobalSection
EndGlobal
